
Microsoft Visual Studio Solution File, Format Version 12.00
# Visual Studio 15
VisualStudioVersion = 15.0.27428.2037
MinimumVisualStudioVersion = 10.0.40219.1
Project("{9A19103F-16F7-4668-BE54-9A1E7A4F7556}") = "ImageSearcher.Core", "ImageSearcher.Core\ImageSearcher.Core.csproj", "{0993B723-0DD7-49E2-945F-46630FDFFCE5}"
EndProject
Project("{9A19103F-16F7-4668-BE54-9A1E7A4F7556}") = "ImageSearcher.Infrastructure", "ImageSearcher.Infrastructure\ImageSearcher.Infrastructure.csproj", "{C7973031-09D7-41C8-BC71-573042594E1B}"
EndProject
Project("{9A19103F-16F7-4668-BE54-9A1E7A4F7556}") = "ImageSearcher.Infrastructure.Tests", "ImageSearcher.Infrastructure.Tests\ImageSearcher.Infrastructure.Tests.csproj", "{50799380-2CFF-473F-94EF-D0E6539737CE}"
EndProject
Project("{FAE04EC0-301F-11D3-BF4B-00C04F79EFBC}") = "ImageSearcher.Web.Api", "ImageSearcher.Web.Api\ImageSearcher.Web.Api.csproj", "{948AE5CD-AD09-499E-A082-AEC19A051BEE}"
EndProject
Global
	GlobalSection(SolutionConfigurationPlatforms) = preSolution
		Debug|Any CPU = Debug|Any CPU
		Release|Any CPU = Release|Any CPU
	EndGlobalSection
	GlobalSection(ProjectConfigurationPlatforms) = postSolution
		{0993B723-0DD7-49E2-945F-46630FDFFCE5}.Debug|Any CPU.ActiveCfg = Debug|Any CPU
		{0993B723-0DD7-49E2-945F-46630FDFFCE5}.Debug|Any CPU.Build.0 = Debug|Any CPU
		{0993B723-0DD7-49E2-945F-46630FDFFCE5}.Release|Any CPU.ActiveCfg = Release|Any CPU
		{0993B723-0DD7-49E2-945F-46630FDFFCE5}.Release|Any CPU.Build.0 = Release|Any CPU
		{C7973031-09D7-41C8-BC71-573042594E1B}.Debug|Any CPU.ActiveCfg = Debug|Any CPU
		{C7973031-09D7-41C8-BC71-573042594E1B}.Debug|Any CPU.Build.0 = Debug|Any CPU
		{C7973031-09D7-41C8-BC71-573042594E1B}.Release|Any CPU.ActiveCfg = Release|Any CPU
		{C7973031-09D7-41C8-BC71-573042594E1B}.Release|Any CPU.Build.0 = Release|Any CPU
		{50799380-2CFF-473F-94EF-D0E6539737CE}.Debug|Any CPU.ActiveCfg = Debug|Any CPU
		{50799380-2CFF-473F-94EF-D0E6539737CE}.Debug|Any CPU.Build.0 = Debug|Any CPU
		{50799380-2CFF-473F-94EF-D0E6539737CE}.Release|Any CPU.ActiveCfg = Release|Any CPU
		{50799380-2CFF-473F-94EF-D0E6539737CE}.Release|Any CPU.Build.0 = Release|Any CPU
		{948AE5CD-AD09-499E-A082-AEC19A051BEE}.Debug|Any CPU.ActiveCfg = Debug|Any CPU
		{948AE5CD-AD09-499E-A082-AEC19A051BEE}.Debug|Any CPU.Build.0 = Debug|Any CPU
		{948AE5CD-AD09-499E-A082-AEC19A051BEE}.Release|Any CPU.ActiveCfg = Release|Any CPU
		{948AE5CD-AD09-499E-A082-AEC19A051BEE}.Release|Any CPU.Build.0 = Release|Any CPU
	EndGlobalSection
	GlobalSection(SolutionProperties) = preSolution
		HideSolutionNode = FALSE
	EndGlobalSection
	GlobalSection(ExtensibilityGlobals) = postSolution
		SolutionGuid = {502B0FB6-9374-4B4F-A4EF-357CB213EEFC}
	EndGlobalSection
EndGlobal
